
Microsoft Visual Studio Solution File, Format Version 11.00
# Visual Studio 2010
Project("{8BC9CEB8-8B4A-11D0-8D11-00A0C91BC942}") = "HomeWork2", "HomeWork2\HomeWork2.vcxproj", "{CE7607C2-685F-4782-A2FC-E59B95B3C1D7}"
EndProject
Project("{8BC9CEB8-8B4A-11D0-8D11-00A0C91BC942}") = "TestList", "TestList\TestList.vcxproj", "{F93C8A2E-6474-46F7-95E6-01E631F00BC9}"
EndProject
Project("{2150E333-8FDC-42A3-9474-1A3956D46DE8}") = "Solution Items", "Solution Items", "{2B038C29-3B86-486E-AA78-1130983E678B}"
	ProjectSection(SolutionItems) = preProject
		HomeWork2.vsmdi = HomeWork2.vsmdi
		Local.testsettings = Local.testsettings
		TraceAndTestImpact.testsettings = TraceAndTestImpact.testsettings
	EndProjectSection
EndProject
Global
	GlobalSection(TestCaseManagementSettings) = postSolution
		CategoryFile = HomeWork2.vsmdi
	EndGlobalSection
	GlobalSection(SolutionConfigurationPlatforms) = preSolution
		Debug|Win32 = Debug|Win32
		Release|Win32 = Release|Win32
	EndGlobalSection
	GlobalSection(ProjectConfigurationPlatforms) = postSolution
		{CE7607C2-685F-4782-A2FC-E59B95B3C1D7}.Debug|Win32.ActiveCfg = Debug|Win32
		{CE7607C2-685F-4782-A2FC-E59B95B3C1D7}.Debug|Win32.Build.0 = Debug|Win32
		{CE7607C2-685F-4782-A2FC-E59B95B3C1D7}.Release|Win32.ActiveCfg = Release|Win32
		{CE7607C2-685F-4782-A2FC-E59B95B3C1D7}.Release|Win32.Build.0 = Release|Win32
		{F93C8A2E-6474-46F7-95E6-01E631F00BC9}.Debug|Win32.ActiveCfg = Debug|Win32
		{F93C8A2E-6474-46F7-95E6-01E631F00BC9}.Debug|Win32.Build.0 = Debug|Win32
		{F93C8A2E-6474-46F7-95E6-01E631F00BC9}.Release|Win32.ActiveCfg = Release|Win32
		{F93C8A2E-6474-46F7-95E6-01E631F00BC9}.Release|Win32.Build.0 = Release|Win32
	EndGlobalSection
	GlobalSection(SolutionProperties) = preSolution
		HideSolutionNode = FALSE
	EndGlobalSection
EndGlobal
